{
  "name": "reinforce-ts",
  "version": "1.0.2",
  "lockfileVersion": 1,
  "requires": true,
  "dependencies": {
    "recurrent-ts": {
      "version": "1.0.8",
      "resolved": "https://registry.npmjs.org/recurrent-ts/-/recurrent-ts-1.0.8.tgz",
      "integrity": "sha512-CJDAosalrYb/l7lbNk4+CfuQAsklj6U4Xy5r6JY98WeGtDGejZWcqj0RIuvE46Am7pe04U2uCSKZ/GxAdXCiSw=="
    }
  }
}
