{
  "name": "reinforce-js",
  "version": "1.2.5",
  "lockfileVersion": 1,
  "requires": true,
  "dependencies": {
    "recurrent-js": {
      "version": "1.4.2",
      "resolved": "https://registry.npmjs.org/recurrent-js/-/recurrent-js-1.4.2.tgz",
      "integrity": "sha512-lIp7zm+rWQzswZ2fctQNwR4JXOwnqXfdI0epFKBBwmW9RdXRgxuEhBhsh8Jur7mXjwHwkPJZF7Hg5eDETARjFw=="
    },
    "typescript": {
      "version": "2.6.2",
      "resolved": "https://registry.npmjs.org/typescript/-/typescript-2.6.2.tgz",
      "integrity": "sha1-PFtv1/beCRQmkCfwPAlGdY92c6Q=",
      "dev": true
    }
  }
}
