{
  "name": "reinforce-ts",
  "version": "1.0.5",
  "lockfileVersion": 1,
  "requires": true,
  "dependencies": {
    "recurrent-ts": {
      "version": "1.1.1",
      "resolved": "https://registry.npmjs.org/recurrent-ts/-/recurrent-ts-1.1.1.tgz",
      "integrity": "sha512-uIbldHg6xl5wSLgrd4MQYdLamU9mPGMygDwePnSfv9FCKG305IGpwhxI81UfaZGIhhIvM46zcLieIcP28PH0Sg=="
    },
    "typescript": {
      "version": "2.6.2",
      "resolved": "https://registry.npmjs.org/typescript/-/typescript-2.6.2.tgz",
      "integrity": "sha1-PFtv1/beCRQmkCfwPAlGdY92c6Q=",
      "dev": true
    }
  }
}
